
Microsoft Visual Studio Solution File, Format Version 12.00
# Visual Studio Version 16
VisualStudioVersion = 16.0.30503.244
MinimumVisualStudioVersion = 10.0.40219.1
Project("{888888A0-9F3D-457C-B088-3A5042F75D52}") = "Python_week1_assign", "Python_week1_assign.pyproj", "{CEFEBFED-E8C7-4802-8474-D1B2D1C838A8}"
EndProject
Global
	GlobalSection(SolutionConfigurationPlatforms) = preSolution
		Debug|Any CPU = Debug|Any CPU
		Release|Any CPU = Release|Any CPU
	EndGlobalSection
	GlobalSection(ProjectConfigurationPlatforms) = postSolution
		{CEFEBFED-E8C7-4802-8474-D1B2D1C838A8}.Debug|Any CPU.ActiveCfg = Debug|Any CPU
		{CEFEBFED-E8C7-4802-8474-D1B2D1C838A8}.Release|Any CPU.ActiveCfg = Release|Any CPU
	EndGlobalSection
	GlobalSection(SolutionProperties) = preSolution
		HideSolutionNode = FALSE
	EndGlobalSection
	GlobalSection(ExtensibilityGlobals) = postSolution
		SolutionGuid = {07E58C77-63F2-4B20-9F06-D967EAF6DF45}
	EndGlobalSection
EndGlobal
